
Microsoft Visual Studio Solution File, Format Version 12.00
# Visual Studio Version 17
VisualStudioVersion = 17.8.34322.80
MinimumVisualStudioVersion = 10.0.40219.1
Project("{9A19103F-16F7-4668-BE54-9A1E7A4F7556}") = "InventoryManagement.API", "InventoryManagement.API\InventoryManagement.API.csproj", "{0E261FDB-B1B1-46B0-82F0-692422C03D18}"
EndProject
Project("{9A19103F-16F7-4668-BE54-9A1E7A4F7556}") = "InventoryManagement.Domain", "InventoryManagement.Domain\InventoryManagement.Domain.csproj", "{F2272F46-81B6-4505-9AD0-58FC74AAF735}"
EndProject
Project("{9A19103F-16F7-4668-BE54-9A1E7A4F7556}") = "InventoryManagement.Infrastructure", "InventoryManagement.Infrastructure\InventoryManagement.Infrastructure.csproj", "{6EC994F4-F771-49C3-BB6D-2D4ED38F7F09}"
EndProject
Project("{FAE04EC0-301F-11D3-BF4B-00C04F79EFBC}") = "InventoryManagement.Tests", "InventoryManagement.Tests\InventoryManagement.Tests.csproj", "{E6E508BD-5EA0-4CEF-A138-7F7A5184BDF2}"
EndProject
Global
	GlobalSection(SolutionConfigurationPlatforms) = preSolution
		Debug|Any CPU = Debug|Any CPU
		Release|Any CPU = Release|Any CPU
	EndGlobalSection
	GlobalSection(ProjectConfigurationPlatforms) = postSolution
		{0E261FDB-B1B1-46B0-82F0-692422C03D18}.Debug|Any CPU.ActiveCfg = Debug|Any CPU
		{0E261FDB-B1B1-46B0-82F0-692422C03D18}.Debug|Any CPU.Build.0 = Debug|Any CPU
		{0E261FDB-B1B1-46B0-82F0-692422C03D18}.Release|Any CPU.ActiveCfg = Release|Any CPU
		{0E261FDB-B1B1-46B0-82F0-692422C03D18}.Release|Any CPU.Build.0 = Release|Any CPU
		{F2272F46-81B6-4505-9AD0-58FC74AAF735}.Debug|Any CPU.ActiveCfg = Debug|Any CPU
		{F2272F46-81B6-4505-9AD0-58FC74AAF735}.Debug|Any CPU.Build.0 = Debug|Any CPU
		{F2272F46-81B6-4505-9AD0-58FC74AAF735}.Release|Any CPU.ActiveCfg = Release|Any CPU
		{F2272F46-81B6-4505-9AD0-58FC74AAF735}.Release|Any CPU.Build.0 = Release|Any CPU
		{6EC994F4-F771-49C3-BB6D-2D4ED38F7F09}.Debug|Any CPU.ActiveCfg = Debug|Any CPU
		{6EC994F4-F771-49C3-BB6D-2D4ED38F7F09}.Debug|Any CPU.Build.0 = Debug|Any CPU
		{6EC994F4-F771-49C3-BB6D-2D4ED38F7F09}.Release|Any CPU.ActiveCfg = Release|Any CPU
		{6EC994F4-F771-49C3-BB6D-2D4ED38F7F09}.Release|Any CPU.Build.0 = Release|Any CPU
		{E6E508BD-5EA0-4CEF-A138-7F7A5184BDF2}.Debug|Any CPU.ActiveCfg = Debug|Any CPU
		{E6E508BD-5EA0-4CEF-A138-7F7A5184BDF2}.Debug|Any CPU.Build.0 = Debug|Any CPU
		{E6E508BD-5EA0-4CEF-A138-7F7A5184BDF2}.Release|Any CPU.ActiveCfg = Release|Any CPU
		{E6E508BD-5EA0-4CEF-A138-7F7A5184BDF2}.Release|Any CPU.Build.0 = Release|Any CPU
	EndGlobalSection
	GlobalSection(SolutionProperties) = preSolution
		HideSolutionNode = FALSE
	EndGlobalSection
	GlobalSection(ExtensibilityGlobals) = postSolution
		SolutionGuid = {4529BC31-434C-4CCC-A7CD-8FD9D17C23BB}
	EndGlobalSection
EndGlobal
